// !$*UTF8*$!
{
	archiveVersion = 1;
	classes = {
	};
	objectVersion = 55;
	objects = {

/* Begin PBXBuildFile section */
		65544170276ACC450083A65A /* Rock_Paper_ScissorsApp.swift in Sources */ = {isa = PBXBuildFile; fileRef = 6554416F276ACC450083A65A /* Rock_Paper_ScissorsApp.swift */; };
		65544172276ACC450083A65A /* ContentView.swift in Sources */ = {isa = PBXBuildFile; fileRef = 65544171276ACC450083A65A /* ContentView.swift */; };
		65544174276ACC460083A65A /* Assets.xcassets in Resources */ = {isa = PBXBuildFile; fileRef = 65544173276ACC460083A65A /* Assets.xcassets */; };
		65544177276ACC460083A65A /* Preview Assets.xcassets in Resources */ = {isa = PBXBuildFile; fileRef = 65544176276ACC460083A65A /* Preview Assets.xcassets */; };
		6554417E276ACCCD0083A65A /* MainScreen.swift in Sources */ = {isa = PBXBuildFile; fileRef = 6554417D276ACCCD0083A65A /* MainScreen.swift */; };
		65544180276AE5320083A65A /* Take Your Pick.swift in Sources */ = {isa = PBXBuildFile; fileRef = 6554417F276AE5320083A65A /* Take Your Pick.swift */; };
		65544182276B6CB50083A65A /* Your Pick.swift in Sources */ = {isa = PBXBuildFile; fileRef = 65544181276B6CB50083A65A /* Your Pick.swift */; };
		65544184276BA8720083A65A /* Thinking.swift in Sources */ = {isa = PBXBuildFile; fileRef = 65544183276BA8720083A65A /* Thinking.swift */; };
		65544186276BAF6F0083A65A /* Opponent's Pick.swift in Sources */ = {isa = PBXBuildFile; fileRef = 65544185276BAF6F0083A65A /* Opponent's Pick.swift */; };
		65C9C584276C45B200E29363 /* ResultView.swift in Sources */ = {isa = PBXBuildFile; fileRef = 65C9C583276C45B200E29363 /* ResultView.swift */; };
		65C9C586276CAED100E29363 /* ChangePlayer.swift in Sources */ = {isa = PBXBuildFile; fileRef = 65C9C585276CAED100E29363 /* ChangePlayer.swift */; };
		65C9C588276CB15500E29363 /* Take Your Pick2.swift in Sources */ = {isa = PBXBuildFile; fileRef = 65C9C587276CB15500E29363 /* Take Your Pick2.swift */; };
/* End PBXBuildFile section */

/* Begin PBXFileReference section */
		6554416C276ACC450083A65A /* Rock Paper Scissors.app */ = {isa = PBXFileReference; explicitFileType = wrapper.application; includeInIndex = 0; path = "Rock Paper Scissors.app"; sourceTree = BUILT_PRODUCTS_DIR; };
		6554416F276ACC450083A65A /* Rock_Paper_ScissorsApp.swift */ = {isa = PBXFileReference; lastKnownFileType = sourcecode.swift; path = Rock_Paper_ScissorsApp.swift; sourceTree = "<group>"; };
		65544171276ACC450083A65A /* ContentView.swift */ = {isa = PBXFileReference; lastKnownFileType = sourcecode.swift; path = ContentView.swift; sourceTree = "<group>"; };
		65544173276ACC460083A65A /* Assets.xcassets */ = {isa = PBXFileReference; lastKnownFileType = folder.assetcatalog; path = Assets.xcassets; sourceTree = "<group>"; };
		65544176276ACC460083A65A /* Preview Assets.xcassets */ = {isa = PBXFileReference; lastKnownFileType = folder.assetcatalog; path = "Preview Assets.xcassets"; sourceTree = "<group>"; };
		6554417D276ACCCD0083A65A /* MainScreen.swift */ = {isa = PBXFileReference; lastKnownFileType = sourcecode.swift; path = MainScreen.swift; sourceTree = "<group>"; };
		6554417F276AE5320083A65A /* Take Your Pick.swift */ = {isa = PBXFileReference; lastKnownFileType = sourcecode.swift; path = "Take Your Pick.swift"; sourceTree = "<group>"; };
		65544181276B6CB50083A65A /* Your Pick.swift */ = {isa = PBXFileReference; lastKnownFileType = sourcecode.swift; path = "Your Pick.swift"; sourceTree = "<group>"; };
		65544183276BA8720083A65A /* Thinking.swift */ = {isa = PBXFileReference; lastKnownFileType = sourcecode.swift; path = Thinking.swift; sourceTree = "<group>"; };
		65544185276BAF6F0083A65A /* Opponent's Pick.swift */ = {isa = PBXFileReference; lastKnownFileType = sourcecode.swift; path = "Opponent's Pick.swift"; sourceTree = "<group>"; };
		65C9C583276C45B200E29363 /* ResultView.swift */ = {isa = PBXFileReference; lastKnownFileType = sourcecode.swift; path = ResultView.swift; sourceTree = "<group>"; };
		65C9C585276CAED100E29363 /* ChangePlayer.swift */ = {isa = PBXFileReference; lastKnownFileType = sourcecode.swift; path = ChangePlayer.swift; sourceTree = "<group>"; };
		65C9C587276CB15500E29363 /* Take Your Pick2.swift */ = {isa = PBXFileReference; lastKnownFileType = sourcecode.swift; path = "Take Your Pick2.swift"; sourceTree = "<group>"; };
/* End PBXFileReference section */

/* Begin PBXFrameworksBuildPhase section */
		65544169276ACC450083A65A /* Frameworks */ = {
			isa = PBXFrameworksBuildPhase;
			buildActionMask = 2147483647;
			files = (
			);
			runOnlyForDeploymentPostprocessing = 0;
		};
/* End PBXFrameworksBuildPhase section */

/* Begin PBXGroup section */
		65544163276ACC450083A65A = {
			isa = PBXGroup;
			children = (
				6554416E276ACC450083A65A /* Rock Paper Scissors */,
				6554416D276ACC450083A65A /* Products */,
			);
			sourceTree = "<group>";
		};
		6554416D276ACC450083A65A /* Products */ = {
			isa = PBXGroup;
			children = (
				6554416C276ACC450083A65A /* Rock Paper Scissors.app */,
			);
			name = Products;
			sourceTree = "<group>";
		};
		6554416E276ACC450083A65A /* Rock Paper Scissors */ = {
			isa = PBXGroup;
			children = (
				6554416F276ACC450083A65A /* Rock_Paper_ScissorsApp.swift */,
				65544171276ACC450083A65A /* ContentView.swift */,
				6554417D276ACCCD0083A65A /* MainScreen.swift */,
				6554417F276AE5320083A65A /* Take Your Pick.swift */,
				65544181276B6CB50083A65A /* Your Pick.swift */,
				65544183276BA8720083A65A /* Thinking.swift */,
				65544185276BAF6F0083A65A /* Opponent's Pick.swift */,
				65C9C583276C45B200E29363 /* ResultView.swift */,
				65C9C585276CAED100E29363 /* ChangePlayer.swift */,
				65C9C587276CB15500E29363 /* Take Your Pick2.swift */,
				65544173276ACC460083A65A /* Assets.xcassets */,
				65544175276ACC460083A65A /* Preview Content */,
			);
			path = "Rock Paper Scissors";
			sourceTree = "<group>";
		};
		65544175276ACC460083A65A /* Preview Content */ = {
			isa = PBXGroup;
			children = (
				65544176276ACC460083A65A /* Preview Assets.xcassets */,
			);
			path = "Preview Content";
			sourceTree = "<group>";
		};
/* End PBXGroup section */

/* Begin PBXNativeTarget section */
		6554416B276ACC450083A65A /* Rock Paper Scissors */ = {
			isa = PBXNativeTarget;
			buildConfigurationList = 6554417A276ACC460083A65A /* Build configuration list for PBXNativeTarget "Rock Paper Scissors" */;
			buildPhases = (
				65544168276ACC450083A65A /* Sources */,
				65544169276ACC450083A65A /* Frameworks */,
				6554416A276ACC450083A65A /* Resources */,
			);
			buildRules = (
			);
			dependencies = (
			);
			name = "Rock Paper Scissors";
			productName = "Rock Paper Scissors";
			productReference = 6554416C276ACC450083A65A /* Rock Paper Scissors.app */;
			productType = "com.apple.product-type.application";
		};
/* End PBXNativeTarget section */

/* Begin PBXProject section */
		65544164276ACC450083A65A /* Project object */ = {
			isa = PBXProject;
			attributes = {
				BuildIndependentTargetsInParallel = 1;
				LastSwiftUpdateCheck = 1310;
				LastUpgradeCheck = 1310;
				TargetAttributes = {
					6554416B276ACC450083A65A = {
						CreatedOnToolsVersion = 13.1;
					};
				};
			};
			buildConfigurationList = 65544167276ACC450083A65A /* Build configuration list for PBXProject "Rock Paper Scissors" */;
			compatibilityVersion = "Xcode 13.0";
			developmentRegion = en;
			hasScannedForEncodings = 0;
			knownRegions = (
				en,
				Base,
			);
			mainGroup = 65544163276ACC450083A65A;
			productRefGroup = 6554416D276ACC450083A65A /* Products */;
			projectDirPath = "";
			projectRoot = "";
			targets = (
				6554416B276ACC450083A65A /* Rock Paper Scissors */,
			);
		};
/* End PBXProject section */

/* Begin PBXResourcesBuildPhase section */
		6554416A276ACC450083A65A /* Resources */ = {
			isa = PBXResourcesBuildPhase;
			buildActionMask = 2147483647;
			files = (
				65544177276ACC460083A65A /* Preview Assets.xcassets in Resources */,
				65544174276ACC460083A65A /* Assets.xcassets in Resources */,
			);
			runOnlyForDeploymentPostprocessing = 0;
		};
/* End PBXResourcesBuildPhase section */

/* Begin PBXSourcesBuildPhase section */
		65544168276ACC450083A65A /* Sources */ = {
			isa = PBXSourcesBuildPhase;
			buildActionMask = 2147483647;
			files = (
				6554417E276ACCCD0083A65A /* MainScreen.swift in Sources */,
				65544172276ACC450083A65A /* ContentView.swift in Sources */,
				65C9C586276CAED100E29363 /* ChangePlayer.swift in Sources */,
				65C9C588276CB15500E29363 /* Take Your Pick2.swift in Sources */,
				65544180276AE5320083A65A /* Take Your Pick.swift in Sources */,
				65544184276BA8720083A65A /* Thinking.swift in Sources */,
				65544186276BAF6F0083A65A /* Opponent's Pick.swift in Sources */,
				65C9C584276C45B200E29363 /* ResultView.swift in Sources */,
				65544170276ACC450083A65A /* Rock_Paper_ScissorsApp.swift in Sources */,
				65544182276B6CB50083A65A /* Your Pick.swift in Sources */,
			);
			runOnlyForDeploymentPostprocessing = 0;
		};
/* End PBXSourcesBuildPhase section */

/* Begin XCBuildConfiguration section */
		65544178276ACC460083A65A /* Debug */ = {
			isa = XCBuildConfiguration;
			buildSettings = {
				ALWAYS_SEARCH_USER_PATHS = NO;
				CLANG_ANALYZER_NONNULL = YES;
				CLANG_ANALYZER_NUMBER_OBJECT_CONVERSION = YES_AGGRESSIVE;
				CLANG_CXX_LANGUAGE_STANDARD = "gnu++17";
				CLANG_CXX_LIBRARY = "libc++";
				CLANG_ENABLE_MODULES = YES;
				CLANG_ENABLE_OBJC_ARC = YES;
				CLANG_ENABLE_OBJC_WEAK = YES;
				CLANG_WARN_BLOCK_CAPTURE_AUTORELEASING = YES;
				CLANG_WARN_BOOL_CONVERSION = YES;
				CLANG_WARN_COMMA = YES;
				CLANG_WARN_CONSTANT_CONVERSION = YES;
				CLANG_WARN_DEPRECATED_OBJC_IMPLEMENTATIONS = YES;
				CLANG_WARN_DIRECT_OBJC_ISA_USAGE = YES_ERROR;
				CLANG_WARN_DOCUMENTATION_COMMENTS = YES;
				CLANG_WARN_EMPTY_BODY = YES;
				CLANG_WARN_ENUM_CONVERSION = YES;
				CLANG_WARN_INFINITE_RECURSION = YES;
				CLANG_WARN_INT_CONVERSION = YES;
				CLANG_WARN_NON_LITERAL_NULL_CONVERSION = YES;
				CLANG_WARN_OBJC_IMPLICIT_RETAIN_SELF = YES;
				CLANG_WARN_OBJC_LITERAL_CONVERSION = YES;
				CLANG_WARN_OBJC_ROOT_CLASS = YES_ERROR;
				CLANG_WARN_QUOTED_INCLUDE_IN_FRAMEWORK_HEADER = YES;
				CLANG_WARN_RANGE_LOOP_ANALYSIS = YES;
				CLANG_WARN_STRICT_PROTOTYPES = YES;
				CLANG_WARN_SUSPICIOUS_MOVE = YES;
				CLANG_WARN_UNGUARDED_AVAILABILITY = YES_AGGRESSIVE;
				CLANG_WARN_UNREACHABLE_CODE = YES;
				CLANG_WARN__DUPLICATE_METHOD_MATCH = YES;
				COPY_PHASE_STRIP = NO;
				DEBUG_INFORMATION_FORMAT = dwarf;
				ENABLE_STRICT_OBJC_MSGSEND = YES;
				ENABLE_TESTABILITY = YES;
				GCC_C_LANGUAGE_STANDARD = gnu11;
				GCC_DYNAMIC_NO_PIC = NO;
				GCC_NO_COMMON_BLOCKS = YES;
				GCC_OPTIMIZATION_LEVEL = 0;
				GCC_PREPROCESSOR_DEFINITIONS = (
					"DEBUG=1",
					"$(inherited)",
				);
				GCC_WARN_64_TO_32_BIT_CONVERSION = YES;
				GCC_WARN_ABOUT_RETURN_TYPE = YES_ERROR;
				GCC_WARN_UNDECLARED_SELECTOR = YES;
				GCC_WARN_UNINITIALIZED_AUTOS = YES_AGGRESSIVE;
				GCC_WARN_UNUSED_FUNCTION = YES;
				GCC_WARN_UNUSED_VARIABLE = YES;
				IPHONEOS_DEPLOYMENT_TARGET = 15.0;
				MTL_ENABLE_DEBUG_INFO = INCLUDE_SOURCE;
				MTL_FAST_MATH = YES;
				ONLY_ACTIVE_ARCH = YES;
				SDKROOT = iphoneos;
				SWIFT_ACTIVE_COMPILATION_CONDITIONS = DEBUG;
				SWIFT_OPTIMIZATION_LEVEL = "-Onone";
			};
			name = Debug;
		};
		65544179276ACC460083A65A /* Release */ = {
			isa = XCBuildConfiguration;
			buildSettings = {
				ALWAYS_SEARCH_USER_PATHS = NO;
				CLANG_ANALYZER_NONNULL = YES;
				CLANG_ANALYZER_NUMBER_OBJECT_CONVERSION = YES_AGGRESSIVE;
				CLANG_CXX_LANGUAGE_STANDARD = "gnu++17";
				CLANG_CXX_LIBRARY = "libc++";
				CLANG_ENABLE_MODULES = YES;
				CLANG_ENABLE_OBJC_ARC = YES;
				CLANG_ENABLE_OBJC_WEAK = YES;
				CLANG_WARN_BLOCK_CAPTURE_AUTORELEASING = YES;
				CLANG_WARN_BOOL_CONVERSION = YES;
				CLANG_WARN_COMMA = YES;
				CLANG_WARN_CONSTANT_CONVERSION = YES;
				CLANG_WARN_DEPRECATED_OBJC_IMPLEMENTATIONS = YES;
				CLANG_WARN_DIRECT_OBJC_ISA_USAGE = YES_ERROR;
				CLANG_WARN_DOCUMENTATION_COMMENTS = YES;
				CLANG_WARN_EMPTY_BODY = YES;
				CLANG_WARN_ENUM_CONVERSION = YES;
				CLANG_WARN_INFINITE_RECURSION = YES;
				CLANG_WARN_INT_CONVERSION = YES;
				CLANG_WARN_NON_LITERAL_NULL_CONVERSION = YES;
				CLANG_WARN_OBJC_IMPLICIT_RETAIN_SELF = YES;
				CLANG_WARN_OBJC_LITERAL_CONVERSION = YES;
				CLANG_WARN_OBJC_ROOT_CLASS = YES_ERROR;
				CLANG_WARN_QUOTED_INCLUDE_IN_FRAMEWORK_HEADER = YES;
				CLANG_WARN_RANGE_LOOP_ANALYSIS = YES;
				CLANG_WARN_STRICT_PROTOTYPES = YES;
				CLANG_WARN_SUSPICIOUS_MOVE = YES;
				CLANG_WARN_UNGUARDED_AVAILABILITY = YES_AGGRESSIVE;
				CLANG_WARN_UNREACHABLE_CODE = YES;
				CLANG_WARN__DUPLICATE_METHOD_MATCH = YES;
				COPY_PHASE_STRIP = NO;
				DEBUG_INFORMATION_FORMAT = "dwarf-with-dsym";
				ENABLE_NS_ASSERTIONS = NO;
				ENABLE_STRICT_OBJC_MSGSEND = YES;
				GCC_C_LANGUAGE_STANDARD = gnu11;
				GCC_NO_COMMON_BLOCKS = YES;
				GCC_WARN_64_TO_32_BIT_CONVERSION = YES;
				GCC_WARN_ABOUT_RETURN_TYPE = YES_ERROR;
				GCC_WARN_UNDECLARED_SELECTOR = YES;
				GCC_WARN_UNINITIALIZED_AUTOS = YES_AGGRESSIVE;
				GCC_WARN_UNUSED_FUNCTION = YES;
				GCC_WARN_UNUSED_VARIABLE = YES;
				IPHONEOS_DEPLOYMENT_TARGET = 15.0;
				MTL_ENABLE_DEBUG_INFO = NO;
				MTL_FAST_MATH = YES;
				SDKROOT = iphoneos;
				SWIFT_COMPILATION_MODE = wholemodule;
				SWIFT_OPTIMIZATION_LEVEL = "-O";
				VALIDATE_PRODUCT = YES;
			};
			name = Release;
		};
		6554417B276ACC460083A65A /* Debug */ = {
			isa = XCBuildConfiguration;
			buildSettings = {
				ASSETCATALOG_COMPILER_APPICON_NAME = AppIcon;
				ASSETCATALOG_COMPILER_GLOBAL_ACCENT_COLOR_NAME = AccentColor;
				CODE_SIGN_STYLE = Automatic;
				CURRENT_PROJECT_VERSION = 1;
				DEVELOPMENT_ASSET_PATHS = "\"Rock Paper Scissors/Preview Content\"";
				DEVELOPMENT_TEAM = GV7FPWL2YR;
				ENABLE_PREVIEWS = YES;
				GENERATE_INFOPLIST_FILE = YES;
				INFOPLIST_KEY_UIApplicationSceneManifest_Generation = YES;
				INFOPLIST_KEY_UIApplicationSupportsIndirectInputEvents = YES;
				INFOPLIST_KEY_UILaunchScreen_Generation = YES;
				INFOPLIST_KEY_UISupportedInterfaceOrientations_iPad = "UIInterfaceOrientationPortrait UIInterfaceOrientationPortraitUpsideDown UIInterfaceOrientationLandscapeLeft UIInterfaceOrientationLandscapeRight";
				INFOPLIST_KEY_UISupportedInterfaceOrientations_iPhone = "UIInterfaceOrientationPortrait UIInterfaceOrientationLandscapeLeft UIInterfaceOrientationLandscapeRight";
				LD_RUNPATH_SEARCH_PATHS = (
					"$(inherited)",
					"@executable_path/Frameworks",
				);
				MARKETING_VERSION = 1.0;
				PRODUCT_BUNDLE_IDENTIFIER = "Vasiliy-s-first-project.Rock-Paper-Scissors";
				PRODUCT_NAME = "$(TARGET_NAME)";
				SWIFT_EMIT_LOC_STRINGS = YES;
				SWIFT_VERSION = 5.0;
				TARGETED_DEVICE_FAMILY = "1,2";
			};
			name = Debug;
		};
		6554417C276ACC460083A65A /* Release */ = {
			isa = XCBuildConfiguration;
			buildSettings = {
				ASSETCATALOG_COMPILER_APPICON_NAME = AppIcon;
				ASSETCATALOG_COMPILER_GLOBAL_ACCENT_COLOR_NAME = AccentColor;
				CODE_SIGN_STYLE = Automatic;
				CURRENT_PROJECT_VERSION = 1;
				DEVELOPMENT_ASSET_PATHS = "\"Rock Paper Scissors/Preview Content\"";
				DEVELOPMENT_TEAM = GV7FPWL2YR;
				ENABLE_PREVIEWS = YES;
				GENERATE_INFOPLIST_FILE = YES;
				INFOPLIST_KEY_UIApplicationSceneManifest_Generation = YES;
				INFOPLIST_KEY_UIApplicationSupportsIndirectInputEvents = YES;
				INFOPLIST_KEY_UILaunchScreen_Generation = YES;
				INFOPLIST_KEY_UISupportedInterfaceOrientations_iPad = "UIInterfaceOrientationPortrait UIInterfaceOrientationPortraitUpsideDown UIInterfaceOrientationLandscapeLeft UIInterfaceOrientationLandscapeRight";
				INFOPLIST_KEY_UISupportedInterfaceOrientations_iPhone = "UIInterfaceOrientationPortrait UIInterfaceOrientationLandscapeLeft UIInterfaceOrientationLandscapeRight";
				LD_RUNPATH_SEARCH_PATHS = (
					"$(inherited)",
					"@executable_path/Frameworks",
				);
				MARKETING_VERSION = 1.0;
				PRODUCT_BUNDLE_IDENTIFIER = "Vasiliy-s-first-project.Rock-Paper-Scissors";
				PRODUCT_NAME = "$(TARGET_NAME)";
				SWIFT_EMIT_LOC_STRINGS = YES;
				SWIFT_VERSION = 5.0;
				TARGETED_DEVICE_FAMILY = "1,2";
			};
			name = Release;
		};
/* End XCBuildConfiguration section */

/* Begin XCConfigurationList section */
		65544167276ACC450083A65A /* Build configuration list for PBXProject "Rock Paper Scissors" */ = {
			isa = XCConfigurationList;
			buildConfigurations = (
				65544178276ACC460083A65A /* Debug */,
				65544179276ACC460083A65A /* Release */,
			);
			defaultConfigurationIsVisible = 0;
			defaultConfigurationName = Release;
		};
		6554417A276ACC460083A65A /* Build configuration list for PBXNativeTarget "Rock Paper Scissors" */ = {
			isa = XCConfigurationList;
			buildConfigurations = (
				6554417B276ACC460083A65A /* Debug */,
				6554417C276ACC460083A65A /* Release */,
			);
			defaultConfigurationIsVisible = 0;
			defaultConfigurationName = Release;
		};
/* End XCConfigurationList section */
	};
	rootObject = 65544164276ACC450083A65A /* Project object */;
}
